
Microsoft Visual Studio Solution File, Format Version 12.00
# Visual Studio 15
VisualStudioVersion = 15.0.28010.2041
MinimumVisualStudioVersion = 10.0.40219.1
Project("{FAE04EC0-301F-11D3-BF4B-00C04F79EFBC}") = "Clases1", "Clases1\Clases1.csproj", "{E275C689-F2DF-430F-9AB9-78AD4876B7AE}"
EndProject
Global
	GlobalSection(SolutionConfigurationPlatforms) = preSolution
		Debug|Any CPU = Debug|Any CPU
		Release|Any CPU = Release|Any CPU
	EndGlobalSection
	GlobalSection(ProjectConfigurationPlatforms) = postSolution
		{E275C689-F2DF-430F-9AB9-78AD4876B7AE}.Debug|Any CPU.ActiveCfg = Debug|Any CPU
		{E275C689-F2DF-430F-9AB9-78AD4876B7AE}.Debug|Any CPU.Build.0 = Debug|Any CPU
		{E275C689-F2DF-430F-9AB9-78AD4876B7AE}.Release|Any CPU.ActiveCfg = Release|Any CPU
		{E275C689-F2DF-430F-9AB9-78AD4876B7AE}.Release|Any CPU.Build.0 = Release|Any CPU
	EndGlobalSection
	GlobalSection(SolutionProperties) = preSolution
		HideSolutionNode = FALSE
	EndGlobalSection
	GlobalSection(ExtensibilityGlobals) = postSolution
		SolutionGuid = {3AFDAB13-BACF-4FBC-80C0-875E14B7E517}
	EndGlobalSection
EndGlobal
