
Microsoft Visual Studio Solution File, Format Version 12.00
# Visual Studio 15
VisualStudioVersion = 15.0.28010.2041
MinimumVisualStudioVersion = 10.0.40219.1
Project("{FAE04EC0-301F-11D3-BF4B-00C04F79EFBC}") = "Ejercicios3", "Ejercicios3\Ejercicios3.csproj", "{D34FAE4B-E77C-40F8-A468-38B7ED58517A}"
EndProject
Global
	GlobalSection(SolutionConfigurationPlatforms) = preSolution
		Debug|Any CPU = Debug|Any CPU
		Release|Any CPU = Release|Any CPU
	EndGlobalSection
	GlobalSection(ProjectConfigurationPlatforms) = postSolution
		{D34FAE4B-E77C-40F8-A468-38B7ED58517A}.Debug|Any CPU.ActiveCfg = Debug|Any CPU
		{D34FAE4B-E77C-40F8-A468-38B7ED58517A}.Debug|Any CPU.Build.0 = Debug|Any CPU
		{D34FAE4B-E77C-40F8-A468-38B7ED58517A}.Release|Any CPU.ActiveCfg = Release|Any CPU
		{D34FAE4B-E77C-40F8-A468-38B7ED58517A}.Release|Any CPU.Build.0 = Release|Any CPU
	EndGlobalSection
	GlobalSection(SolutionProperties) = preSolution
		HideSolutionNode = FALSE
	EndGlobalSection
	GlobalSection(ExtensibilityGlobals) = postSolution
		SolutionGuid = {4FFF08DA-DBDE-4B56-AB91-CA55ED067121}
	EndGlobalSection
EndGlobal
